
Microsoft Visual Studio Solution File, Format Version 12.00
# Visual Studio 15
VisualStudioVersion = 15.0.28010.2046
MinimumVisualStudioVersion = 10.0.40219.1
Project("{FAE04EC0-301F-11D3-BF4B-00C04F79EFBC}") = "ModemRestart.Android", "ModemRestart\ModemRestart.Android\ModemRestart.Android.csproj", "{2159AE4A-C41B-44A9-A7DD-94094264B206}"
EndProject
Project("{FAE04EC0-301F-11D3-BF4B-00C04F79EFBC}") = "ModemRestart.iOS", "ModemRestart\ModemRestart.iOS\ModemRestart.iOS.csproj", "{93E9045D-3F03-4B36-A0A4-213DC5500721}"
EndProject
Project("{FAE04EC0-301F-11D3-BF4B-00C04F79EFBC}") = "ModemRestart", "ModemRestart\ModemRestart\ModemRestart.csproj", "{44F2502D-0C22-44AD-97B4-11EDB0EEDE07}"
EndProject
Global
	GlobalSection(SolutionConfigurationPlatforms) = preSolution
		Ad-Hoc|Any CPU = Ad-Hoc|Any CPU
		Ad-Hoc|iPhone = Ad-Hoc|iPhone
		Ad-Hoc|iPhoneSimulator = Ad-Hoc|iPhoneSimulator
		AppStore|Any CPU = AppStore|Any CPU
		AppStore|iPhone = AppStore|iPhone
		AppStore|iPhoneSimulator = AppStore|iPhoneSimulator
		Debug|Any CPU = Debug|Any CPU
		Debug|iPhone = Debug|iPhone
		Debug|iPhoneSimulator = Debug|iPhoneSimulator
		Release|Any CPU = Release|Any CPU
		Release|iPhone = Release|iPhone
		Release|iPhoneSimulator = Release|iPhoneSimulator
	EndGlobalSection
	GlobalSection(ProjectConfigurationPlatforms) = postSolution
		{2159AE4A-C41B-44A9-A7DD-94094264B206}.Ad-Hoc|Any CPU.ActiveCfg = Release|Any CPU
		{2159AE4A-C41B-44A9-A7DD-94094264B206}.Ad-Hoc|Any CPU.Build.0 = Release|Any CPU
		{2159AE4A-C41B-44A9-A7DD-94094264B206}.Ad-Hoc|Any CPU.Deploy.0 = Release|Any CPU
		{2159AE4A-C41B-44A9-A7DD-94094264B206}.Ad-Hoc|iPhone.ActiveCfg = Release|Any CPU
		{2159AE4A-C41B-44A9-A7DD-94094264B206}.Ad-Hoc|iPhone.Build.0 = Release|Any CPU
		{2159AE4A-C41B-44A9-A7DD-94094264B206}.Ad-Hoc|iPhone.Deploy.0 = Release|Any CPU
		{2159AE4A-C41B-44A9-A7DD-94094264B206}.Ad-Hoc|iPhoneSimulator.ActiveCfg = Release|Any CPU
		{2159AE4A-C41B-44A9-A7DD-94094264B206}.Ad-Hoc|iPhoneSimulator.Build.0 = Release|Any CPU
		{2159AE4A-C41B-44A9-A7DD-94094264B206}.Ad-Hoc|iPhoneSimulator.Deploy.0 = Release|Any CPU
		{2159AE4A-C41B-44A9-A7DD-94094264B206}.AppStore|Any CPU.ActiveCfg = Release|Any CPU
		{2159AE4A-C41B-44A9-A7DD-94094264B206}.AppStore|Any CPU.Build.0 = Release|Any CPU
		{2159AE4A-C41B-44A9-A7DD-94094264B206}.AppStore|Any CPU.Deploy.0 = Release|Any CPU
		{2159AE4A-C41B-44A9-A7DD-94094264B206}.AppStore|iPhone.ActiveCfg = Release|Any CPU
		{2159AE4A-C41B-44A9-A7DD-94094264B206}.AppStore|iPhone.Build.0 = Release|Any CPU
		{2159AE4A-C41B-44A9-A7DD-94094264B206}.AppStore|iPhone.Deploy.0 = Release|Any CPU
		{2159AE4A-C41B-44A9-A7DD-94094264B206}.AppStore|iPhoneSimulator.ActiveCfg = Release|Any CPU
		{2159AE4A-C41B-44A9-A7DD-94094264B206}.AppStore|iPhoneSimulator.Build.0 = Release|Any CPU
		{2159AE4A-C41B-44A9-A7DD-94094264B206}.AppStore|iPhoneSimulator.Deploy.0 = Release|Any CPU
		{2159AE4A-C41B-44A9-A7DD-94094264B206}.Debug|Any CPU.ActiveCfg = Debug|Any CPU
		{2159AE4A-C41B-44A9-A7DD-94094264B206}.Debug|Any CPU.Build.0 = Debug|Any CPU
		{2159AE4A-C41B-44A9-A7DD-94094264B206}.Debug|Any CPU.Deploy.0 = Debug|Any CPU
		{2159AE4A-C41B-44A9-A7DD-94094264B206}.Debug|iPhone.ActiveCfg = Debug|Any CPU
		{2159AE4A-C41B-44A9-A7DD-94094264B206}.Debug|iPhone.Build.0 = Debug|Any CPU
		{2159AE4A-C41B-44A9-A7DD-94094264B206}.Debug|iPhone.Deploy.0 = Debug|Any CPU
		{2159AE4A-C41B-44A9-A7DD-94094264B206}.Debug|iPhoneSimulator.ActiveCfg = Debug|Any CPU
		{2159AE4A-C41B-44A9-A7DD-94094264B206}.Debug|iPhoneSimulator.Build.0 = Debug|Any CPU
		{2159AE4A-C41B-44A9-A7DD-94094264B206}.Debug|iPhoneSimulator.Deploy.0 = Debug|Any CPU
		{2159AE4A-C41B-44A9-A7DD-94094264B206}.Release|Any CPU.ActiveCfg = Release|Any CPU
		{2159AE4A-C41B-44A9-A7DD-94094264B206}.Release|Any CPU.Build.0 = Release|Any CPU
		{2159AE4A-C41B-44A9-A7DD-94094264B206}.Release|Any CPU.Deploy.0 = Release|Any CPU
		{2159AE4A-C41B-44A9-A7DD-94094264B206}.Release|iPhone.ActiveCfg = Release|Any CPU
		{2159AE4A-C41B-44A9-A7DD-94094264B206}.Release|iPhone.Build.0 = Release|Any CPU
		{2159AE4A-C41B-44A9-A7DD-94094264B206}.Release|iPhone.Deploy.0 = Release|Any CPU
		{2159AE4A-C41B-44A9-A7DD-94094264B206}.Release|iPhoneSimulator.ActiveCfg = Release|Any CPU
		{2159AE4A-C41B-44A9-A7DD-94094264B206}.Release|iPhoneSimulator.Build.0 = Release|Any CPU
		{2159AE4A-C41B-44A9-A7DD-94094264B206}.Release|iPhoneSimulator.Deploy.0 = Release|Any CPU
		{93E9045D-3F03-4B36-A0A4-213DC5500721}.Ad-Hoc|Any CPU.ActiveCfg = Ad-Hoc|iPhone
		{93E9045D-3F03-4B36-A0A4-213DC5500721}.Ad-Hoc|Any CPU.Build.0 = Ad-Hoc|iPhone
		{93E9045D-3F03-4B36-A0A4-213DC5500721}.Ad-Hoc|Any CPU.Deploy.0 = Ad-Hoc|iPhone
		{93E9045D-3F03-4B36-A0A4-213DC5500721}.Ad-Hoc|iPhone.ActiveCfg = Ad-Hoc|iPhone
		{93E9045D-3F03-4B36-A0A4-213DC5500721}.Ad-Hoc|iPhone.Build.0 = Ad-Hoc|iPhone
		{93E9045D-3F03-4B36-A0A4-213DC5500721}.Ad-Hoc|iPhone.Deploy.0 = Ad-Hoc|iPhone
		{93E9045D-3F03-4B36-A0A4-213DC5500721}.Ad-Hoc|iPhoneSimulator.ActiveCfg = Ad-Hoc|iPhoneSimulator
		{93E9045D-3F03-4B36-A0A4-213DC5500721}.Ad-Hoc|iPhoneSimulator.Build.0 = Ad-Hoc|iPhoneSimulator
		{93E9045D-3F03-4B36-A0A4-213DC5500721}.Ad-Hoc|iPhoneSimulator.Deploy.0 = Ad-Hoc|iPhoneSimulator
		{93E9045D-3F03-4B36-A0A4-213DC5500721}.AppStore|Any CPU.ActiveCfg = AppStore|iPhone
		{93E9045D-3F03-4B36-A0A4-213DC5500721}.AppStore|Any CPU.Build.0 = AppStore|iPhone
		{93E9045D-3F03-4B36-A0A4-213DC5500721}.AppStore|Any CPU.Deploy.0 = AppStore|iPhone
		{93E9045D-3F03-4B36-A0A4-213DC5500721}.AppStore|iPhone.ActiveCfg = AppStore|iPhone
		{93E9045D-3F03-4B36-A0A4-213DC5500721}.AppStore|iPhone.Build.0 = AppStore|iPhone
		{93E9045D-3F03-4B36-A0A4-213DC5500721}.AppStore|iPhone.Deploy.0 = AppStore|iPhone
		{93E9045D-3F03-4B36-A0A4-213DC5500721}.AppStore|iPhoneSimulator.ActiveCfg = AppStore|iPhoneSimulator
		{93E9045D-3F03-4B36-A0A4-213DC5500721}.AppStore|iPhoneSimulator.Build.0 = AppStore|iPhoneSimulator
		{93E9045D-3F03-4B36-A0A4-213DC5500721}.AppStore|iPhoneSimulator.Deploy.0 = AppStore|iPhoneSimulator
		{93E9045D-3F03-4B36-A0A4-213DC5500721}.Debug|Any CPU.ActiveCfg = Debug|iPhoneSimulator
		{93E9045D-3F03-4B36-A0A4-213DC5500721}.Debug|Any CPU.Build.0 = Debug|iPhoneSimulator
		{93E9045D-3F03-4B36-A0A4-213DC5500721}.Debug|Any CPU.Deploy.0 = Debug|iPhoneSimulator
		{93E9045D-3F03-4B36-A0A4-213DC5500721}.Debug|iPhone.ActiveCfg = Debug|iPhone
		{93E9045D-3F03-4B36-A0A4-213DC5500721}.Debug|iPhone.Build.0 = Debug|iPhone
		{93E9045D-3F03-4B36-A0A4-213DC5500721}.Debug|iPhone.Deploy.0 = Debug|iPhone
		{93E9045D-3F03-4B36-A0A4-213DC5500721}.Debug|iPhoneSimulator.ActiveCfg = Debug|iPhoneSimulator
		{93E9045D-3F03-4B36-A0A4-213DC5500721}.Debug|iPhoneSimulator.Build.0 = Debug|iPhoneSimulator
		{93E9045D-3F03-4B36-A0A4-213DC5500721}.Debug|iPhoneSimulator.Deploy.0 = Debug|iPhoneSimulator
		{93E9045D-3F03-4B36-A0A4-213DC5500721}.Release|Any CPU.ActiveCfg = Release|iPhone
		{93E9045D-3F03-4B36-A0A4-213DC5500721}.Release|Any CPU.Build.0 = Release|iPhone
		{93E9045D-3F03-4B36-A0A4-213DC5500721}.Release|Any CPU.Deploy.0 = Release|iPhone
		{93E9045D-3F03-4B36-A0A4-213DC5500721}.Release|iPhone.ActiveCfg = Release|iPhone
		{93E9045D-3F03-4B36-A0A4-213DC5500721}.Release|iPhone.Build.0 = Release|iPhone
		{93E9045D-3F03-4B36-A0A4-213DC5500721}.Release|iPhone.Deploy.0 = Release|iPhone
		{93E9045D-3F03-4B36-A0A4-213DC5500721}.Release|iPhoneSimulator.ActiveCfg = Release|iPhoneSimulator
		{93E9045D-3F03-4B36-A0A4-213DC5500721}.Release|iPhoneSimulator.Build.0 = Release|iPhoneSimulator
		{93E9045D-3F03-4B36-A0A4-213DC5500721}.Release|iPhoneSimulator.Deploy.0 = Release|iPhoneSimulator
		{44F2502D-0C22-44AD-97B4-11EDB0EEDE07}.Ad-Hoc|Any CPU.ActiveCfg = Debug|Any CPU
		{44F2502D-0C22-44AD-97B4-11EDB0EEDE07}.Ad-Hoc|Any CPU.Build.0 = Debug|Any CPU
		{44F2502D-0C22-44AD-97B4-11EDB0EEDE07}.Ad-Hoc|Any CPU.Deploy.0 = Debug|Any CPU
		{44F2502D-0C22-44AD-97B4-11EDB0EEDE07}.Ad-Hoc|iPhone.ActiveCfg = Debug|Any CPU
		{44F2502D-0C22-44AD-97B4-11EDB0EEDE07}.Ad-Hoc|iPhone.Build.0 = Debug|Any CPU
		{44F2502D-0C22-44AD-97B4-11EDB0EEDE07}.Ad-Hoc|iPhone.Deploy.0 = Debug|Any CPU
		{44F2502D-0C22-44AD-97B4-11EDB0EEDE07}.Ad-Hoc|iPhoneSimulator.ActiveCfg = Debug|Any CPU
		{44F2502D-0C22-44AD-97B4-11EDB0EEDE07}.Ad-Hoc|iPhoneSimulator.Build.0 = Debug|Any CPU
		{44F2502D-0C22-44AD-97B4-11EDB0EEDE07}.Ad-Hoc|iPhoneSimulator.Deploy.0 = Debug|Any CPU
		{44F2502D-0C22-44AD-97B4-11EDB0EEDE07}.AppStore|Any CPU.ActiveCfg = Debug|Any CPU
		{44F2502D-0C22-44AD-97B4-11EDB0EEDE07}.AppStore|Any CPU.Build.0 = Debug|Any CPU
		{44F2502D-0C22-44AD-97B4-11EDB0EEDE07}.AppStore|Any CPU.Deploy.0 = Debug|Any CPU
		{44F2502D-0C22-44AD-97B4-11EDB0EEDE07}.AppStore|iPhone.ActiveCfg = Debug|Any CPU
		{44F2502D-0C22-44AD-97B4-11EDB0EEDE07}.AppStore|iPhone.Build.0 = Debug|Any CPU
		{44F2502D-0C22-44AD-97B4-11EDB0EEDE07}.AppStore|iPhone.Deploy.0 = Debug|Any CPU
		{44F2502D-0C22-44AD-97B4-11EDB0EEDE07}.AppStore|iPhoneSimulator.ActiveCfg = Debug|Any CPU
		{44F2502D-0C22-44AD-97B4-11EDB0EEDE07}.AppStore|iPhoneSimulator.Build.0 = Debug|Any CPU
		{44F2502D-0C22-44AD-97B4-11EDB0EEDE07}.AppStore|iPhoneSimulator.Deploy.0 = Debug|Any CPU
		{44F2502D-0C22-44AD-97B4-11EDB0EEDE07}.Debug|Any CPU.ActiveCfg = Debug|Any CPU
		{44F2502D-0C22-44AD-97B4-11EDB0EEDE07}.Debug|Any CPU.Build.0 = Debug|Any CPU
		{44F2502D-0C22-44AD-97B4-11EDB0EEDE07}.Debug|Any CPU.Deploy.0 = Debug|Any CPU
		{44F2502D-0C22-44AD-97B4-11EDB0EEDE07}.Debug|iPhone.ActiveCfg = Debug|Any CPU
		{44F2502D-0C22-44AD-97B4-11EDB0EEDE07}.Debug|iPhone.Build.0 = Debug|Any CPU
		{44F2502D-0C22-44AD-97B4-11EDB0EEDE07}.Debug|iPhone.Deploy.0 = Debug|Any CPU
		{44F2502D-0C22-44AD-97B4-11EDB0EEDE07}.Debug|iPhoneSimulator.ActiveCfg = Debug|Any CPU
		{44F2502D-0C22-44AD-97B4-11EDB0EEDE07}.Debug|iPhoneSimulator.Build.0 = Debug|Any CPU
		{44F2502D-0C22-44AD-97B4-11EDB0EEDE07}.Debug|iPhoneSimulator.Deploy.0 = Debug|Any CPU
		{44F2502D-0C22-44AD-97B4-11EDB0EEDE07}.Release|Any CPU.ActiveCfg = Release|Any CPU
		{44F2502D-0C22-44AD-97B4-11EDB0EEDE07}.Release|Any CPU.Build.0 = Release|Any CPU
		{44F2502D-0C22-44AD-97B4-11EDB0EEDE07}.Release|Any CPU.Deploy.0 = Release|Any CPU
		{44F2502D-0C22-44AD-97B4-11EDB0EEDE07}.Release|iPhone.ActiveCfg = Release|Any CPU
		{44F2502D-0C22-44AD-97B4-11EDB0EEDE07}.Release|iPhone.Build.0 = Release|Any CPU
		{44F2502D-0C22-44AD-97B4-11EDB0EEDE07}.Release|iPhone.Deploy.0 = Release|Any CPU
		{44F2502D-0C22-44AD-97B4-11EDB0EEDE07}.Release|iPhoneSimulator.ActiveCfg = Release|Any CPU
		{44F2502D-0C22-44AD-97B4-11EDB0EEDE07}.Release|iPhoneSimulator.Build.0 = Release|Any CPU
		{44F2502D-0C22-44AD-97B4-11EDB0EEDE07}.Release|iPhoneSimulator.Deploy.0 = Release|Any CPU
	EndGlobalSection
	GlobalSection(SolutionProperties) = preSolution
		HideSolutionNode = FALSE
	EndGlobalSection
	GlobalSection(ExtensibilityGlobals) = postSolution
		SolutionGuid = {5C462B38-1D61-4301-BAC6-82772095CDE1}
	EndGlobalSection
EndGlobal
